
Microsoft Visual Studio Solution File, Format Version 12.00
# Visual Studio Version 16
VisualStudioVersion = 16.0.29728.190
MinimumVisualStudioVersion = 10.0.40219.1
Project("{FAE04EC0-301F-11D3-BF4B-00C04F79EFBC}") = "EfProject", "EfProject\EfProject.csproj", "{8B84F0A3-C058-4929-BB7C-0CDD3E815BB1}"
EndProject
Global
	GlobalSection(SolutionConfigurationPlatforms) = preSolution
		Debug|Any CPU = Debug|Any CPU
		Release|Any CPU = Release|Any CPU
	EndGlobalSection
	GlobalSection(ProjectConfigurationPlatforms) = postSolution
		{8B84F0A3-C058-4929-BB7C-0CDD3E815BB1}.Debug|Any CPU.ActiveCfg = Debug|Any CPU
		{8B84F0A3-C058-4929-BB7C-0CDD3E815BB1}.Debug|Any CPU.Build.0 = Debug|Any CPU
		{8B84F0A3-C058-4929-BB7C-0CDD3E815BB1}.Release|Any CPU.ActiveCfg = Release|Any CPU
		{8B84F0A3-C058-4929-BB7C-0CDD3E815BB1}.Release|Any CPU.Build.0 = Release|Any CPU
	EndGlobalSection
	GlobalSection(SolutionProperties) = preSolution
		HideSolutionNode = FALSE
	EndGlobalSection
	GlobalSection(ExtensibilityGlobals) = postSolution
		SolutionGuid = {AFA5E23C-5094-4E13-9ABA-0B91045047A7}
	EndGlobalSection
EndGlobal
